
Microsoft Visual Studio Solution File, Format Version 12.00
# Visual Studio 15
VisualStudioVersion = 15.0.27130.2027
MinimumVisualStudioVersion = 10.0.40219.1
Project("{9A19103F-16F7-4668-BE54-9A1E7A4F7556}") = "FrontEnd", "FrontEnd\FrontEnd.csproj", "{18F6B4BD-DB38-454A-804D-F09473B01AB6}"
EndProject
Project("{FAE04EC0-301F-11D3-BF4B-00C04F79EFBC}") = "FrontEnd.Integration.Tests", "FrontEnd.Integration.Tests\FrontEnd.Integration.Tests.csproj", "{EE6BDF97-37D5-45EB-9C36-9D06F55C334B}"
EndProject
Global
	GlobalSection(SolutionConfigurationPlatforms) = preSolution
		Debug|Any CPU = Debug|Any CPU
		Release|Any CPU = Release|Any CPU
	EndGlobalSection
	GlobalSection(ProjectConfigurationPlatforms) = postSolution
		{18F6B4BD-DB38-454A-804D-F09473B01AB6}.Debug|Any CPU.ActiveCfg = Debug|Any CPU
		{18F6B4BD-DB38-454A-804D-F09473B01AB6}.Debug|Any CPU.Build.0 = Debug|Any CPU
		{18F6B4BD-DB38-454A-804D-F09473B01AB6}.Release|Any CPU.ActiveCfg = Release|Any CPU
		{18F6B4BD-DB38-454A-804D-F09473B01AB6}.Release|Any CPU.Build.0 = Release|Any CPU
		{EE6BDF97-37D5-45EB-9C36-9D06F55C334B}.Debug|Any CPU.ActiveCfg = Debug|Any CPU
		{EE6BDF97-37D5-45EB-9C36-9D06F55C334B}.Debug|Any CPU.Build.0 = Debug|Any CPU
		{EE6BDF97-37D5-45EB-9C36-9D06F55C334B}.Release|Any CPU.ActiveCfg = Release|Any CPU
		{EE6BDF97-37D5-45EB-9C36-9D06F55C334B}.Release|Any CPU.Build.0 = Release|Any CPU
	EndGlobalSection
	GlobalSection(SolutionProperties) = preSolution
		HideSolutionNode = FALSE
	EndGlobalSection
	GlobalSection(ExtensibilityGlobals) = postSolution
		SolutionGuid = {6710469E-A448-4669-B227-51C5F2F5345E}
	EndGlobalSection
EndGlobal
