
Microsoft Visual Studio Solution File, Format Version 12.00
# Visual Studio 15
VisualStudioVersion = 15.0.27130.2027
MinimumVisualStudioVersion = 10.0.40219.1
Project("{FAE04EC0-301F-11D3-BF4B-00C04F79EFBC}") = "02-Comparator", "02-Comparator\02-Comparator.csproj", "{64F95B88-F0E2-4CEF-AC04-3A1D38D79F2C}"
EndProject
Global
	GlobalSection(SolutionConfigurationPlatforms) = preSolution
		Debug|Any CPU = Debug|Any CPU
		Release|Any CPU = Release|Any CPU
	EndGlobalSection
	GlobalSection(ProjectConfigurationPlatforms) = postSolution
		{64F95B88-F0E2-4CEF-AC04-3A1D38D79F2C}.Debug|Any CPU.ActiveCfg = Debug|Any CPU
		{64F95B88-F0E2-4CEF-AC04-3A1D38D79F2C}.Debug|Any CPU.Build.0 = Debug|Any CPU
		{64F95B88-F0E2-4CEF-AC04-3A1D38D79F2C}.Release|Any CPU.ActiveCfg = Release|Any CPU
		{64F95B88-F0E2-4CEF-AC04-3A1D38D79F2C}.Release|Any CPU.Build.0 = Release|Any CPU
	EndGlobalSection
	GlobalSection(SolutionProperties) = preSolution
		HideSolutionNode = FALSE
	EndGlobalSection
	GlobalSection(ExtensibilityGlobals) = postSolution
		SolutionGuid = {12470A19-F298-4376-88C2-09445AED6BEC}
	EndGlobalSection
EndGlobal
