
Microsoft Visual Studio Solution File, Format Version 12.00
# Visual Studio 15
VisualStudioVersion = 15.0.27130.2027
MinimumVisualStudioVersion = 10.0.40219.1
Project("{FAE04EC0-301F-11D3-BF4B-00C04F79EFBC}") = "08-Counter", "08-Counter\08-Counter.csproj", "{AFC59902-D861-49C0-953D-82A8210CEC56}"
EndProject
Global
	GlobalSection(SolutionConfigurationPlatforms) = preSolution
		Debug|Any CPU = Debug|Any CPU
		Release|Any CPU = Release|Any CPU
	EndGlobalSection
	GlobalSection(ProjectConfigurationPlatforms) = postSolution
		{AFC59902-D861-49C0-953D-82A8210CEC56}.Debug|Any CPU.ActiveCfg = Debug|Any CPU
		{AFC59902-D861-49C0-953D-82A8210CEC56}.Debug|Any CPU.Build.0 = Debug|Any CPU
		{AFC59902-D861-49C0-953D-82A8210CEC56}.Release|Any CPU.ActiveCfg = Release|Any CPU
		{AFC59902-D861-49C0-953D-82A8210CEC56}.Release|Any CPU.Build.0 = Release|Any CPU
	EndGlobalSection
	GlobalSection(SolutionProperties) = preSolution
		HideSolutionNode = FALSE
	EndGlobalSection
	GlobalSection(ExtensibilityGlobals) = postSolution
		SolutionGuid = {9CE035FB-5B06-4437-AA76-DA34108F2579}
	EndGlobalSection
EndGlobal
