
Microsoft Visual Studio Solution File, Format Version 12.00
# Visual Studio 15
VisualStudioVersion = 15.0.27130.2027
MinimumVisualStudioVersion = 10.0.40219.1
Project("{FAE04EC0-301F-11D3-BF4B-00C04F79EFBC}") = "06-Animal", "06-Animal\06-Animal.csproj", "{B3B3A4FB-F430-42A8-A3A3-3057CE0D34AF}"
EndProject
Global
	GlobalSection(SolutionConfigurationPlatforms) = preSolution
		Debug|Any CPU = Debug|Any CPU
		Release|Any CPU = Release|Any CPU
	EndGlobalSection
	GlobalSection(ProjectConfigurationPlatforms) = postSolution
		{B3B3A4FB-F430-42A8-A3A3-3057CE0D34AF}.Debug|Any CPU.ActiveCfg = Debug|Any CPU
		{B3B3A4FB-F430-42A8-A3A3-3057CE0D34AF}.Debug|Any CPU.Build.0 = Debug|Any CPU
		{B3B3A4FB-F430-42A8-A3A3-3057CE0D34AF}.Release|Any CPU.ActiveCfg = Release|Any CPU
		{B3B3A4FB-F430-42A8-A3A3-3057CE0D34AF}.Release|Any CPU.Build.0 = Release|Any CPU
	EndGlobalSection
	GlobalSection(SolutionProperties) = preSolution
		HideSolutionNode = FALSE
	EndGlobalSection
	GlobalSection(ExtensibilityGlobals) = postSolution
		SolutionGuid = {51DE629D-B1FB-4BC6-BA80-59825A8DEE69}
	EndGlobalSection
EndGlobal
