
Microsoft Visual Studio Solution File, Format Version 12.00
# Visual Studio 15
VisualStudioVersion = 15.0.27130.2027
MinimumVisualStudioVersion = 10.0.40219.1
Project("{FAE04EC0-301F-11D3-BF4B-00C04F79EFBC}") = "01-Apples", "01-Apples\01-Apples.csproj", "{13430DEC-CFC9-405F-87C5-B2B89B0DFDE5}"
EndProject
Project("{FAE04EC0-301F-11D3-BF4B-00C04F79EFBC}") = "TestApples", "TestApples\TestApples.csproj", "{8791FB9A-B243-4E8C-BC28-56D444C09C50}"
EndProject
Global
	GlobalSection(SolutionConfigurationPlatforms) = preSolution
		Debug|Any CPU = Debug|Any CPU
		Release|Any CPU = Release|Any CPU
	EndGlobalSection
	GlobalSection(ProjectConfigurationPlatforms) = postSolution
		{13430DEC-CFC9-405F-87C5-B2B89B0DFDE5}.Debug|Any CPU.ActiveCfg = Debug|Any CPU
		{13430DEC-CFC9-405F-87C5-B2B89B0DFDE5}.Debug|Any CPU.Build.0 = Debug|Any CPU
		{13430DEC-CFC9-405F-87C5-B2B89B0DFDE5}.Release|Any CPU.ActiveCfg = Release|Any CPU
		{13430DEC-CFC9-405F-87C5-B2B89B0DFDE5}.Release|Any CPU.Build.0 = Release|Any CPU
		{8791FB9A-B243-4E8C-BC28-56D444C09C50}.Debug|Any CPU.ActiveCfg = Debug|Any CPU
		{8791FB9A-B243-4E8C-BC28-56D444C09C50}.Debug|Any CPU.Build.0 = Debug|Any CPU
		{8791FB9A-B243-4E8C-BC28-56D444C09C50}.Release|Any CPU.ActiveCfg = Release|Any CPU
		{8791FB9A-B243-4E8C-BC28-56D444C09C50}.Release|Any CPU.Build.0 = Release|Any CPU
	EndGlobalSection
	GlobalSection(SolutionProperties) = preSolution
		HideSolutionNode = FALSE
	EndGlobalSection
	GlobalSection(ExtensibilityGlobals) = postSolution
		SolutionGuid = {A6BBEAE7-B9CE-4F3C-8EF0-F6F4EACC2E9B}
	EndGlobalSection
EndGlobal
