
Microsoft Visual Studio Solution File, Format Version 12.00
# Visual Studio 15
VisualStudioVersion = 15.0.27130.2027
MinimumVisualStudioVersion = 10.0.40219.1
Project("{FAE04EC0-301F-11D3-BF4B-00C04F79EFBC}") = "01-Counter", "01-Counter\01-Counter.csproj", "{868D7E38-D8F0-497E-8F73-7E0E5F53A737}"
EndProject
Global
	GlobalSection(SolutionConfigurationPlatforms) = preSolution
		Debug|Any CPU = Debug|Any CPU
		Release|Any CPU = Release|Any CPU
	EndGlobalSection
	GlobalSection(ProjectConfigurationPlatforms) = postSolution
		{868D7E38-D8F0-497E-8F73-7E0E5F53A737}.Debug|Any CPU.ActiveCfg = Debug|Any CPU
		{868D7E38-D8F0-497E-8F73-7E0E5F53A737}.Debug|Any CPU.Build.0 = Debug|Any CPU
		{868D7E38-D8F0-497E-8F73-7E0E5F53A737}.Release|Any CPU.ActiveCfg = Release|Any CPU
		{868D7E38-D8F0-497E-8F73-7E0E5F53A737}.Release|Any CPU.Build.0 = Release|Any CPU
	EndGlobalSection
	GlobalSection(SolutionProperties) = preSolution
		HideSolutionNode = FALSE
	EndGlobalSection
	GlobalSection(ExtensibilityGlobals) = postSolution
		SolutionGuid = {0643D2FE-2FD9-4F4D-A8D6-5B4A234457B7}
	EndGlobalSection
EndGlobal
