
Microsoft Visual Studio Solution File, Format Version 12.00
# Visual Studio 15
VisualStudioVersion = 15.0.27130.2027
MinimumVisualStudioVersion = 10.0.40219.1
Project("{FAE04EC0-301F-11D3-BF4B-00C04F79EFBC}") = "05-FleetOfThings", "05-FleetOfThings\05-FleetOfThings.csproj", "{99A4B79E-1191-48C0-AD59-BA84FDBA952A}"
EndProject
Global
	GlobalSection(SolutionConfigurationPlatforms) = preSolution
		Debug|Any CPU = Debug|Any CPU
		Release|Any CPU = Release|Any CPU
	EndGlobalSection
	GlobalSection(ProjectConfigurationPlatforms) = postSolution
		{99A4B79E-1191-48C0-AD59-BA84FDBA952A}.Debug|Any CPU.ActiveCfg = Debug|Any CPU
		{99A4B79E-1191-48C0-AD59-BA84FDBA952A}.Debug|Any CPU.Build.0 = Debug|Any CPU
		{99A4B79E-1191-48C0-AD59-BA84FDBA952A}.Release|Any CPU.ActiveCfg = Release|Any CPU
		{99A4B79E-1191-48C0-AD59-BA84FDBA952A}.Release|Any CPU.Build.0 = Release|Any CPU
	EndGlobalSection
	GlobalSection(SolutionProperties) = preSolution
		HideSolutionNode = FALSE
	EndGlobalSection
	GlobalSection(ExtensibilityGlobals) = postSolution
		SolutionGuid = {9916081F-7F01-4FEB-A5D8-DACE169211D2}
	EndGlobalSection
EndGlobal
