
Microsoft Visual Studio Solution File, Format Version 12.00
# Visual Studio 15
VisualStudioVersion = 15.0.27130.2027
MinimumVisualStudioVersion = 10.0.40219.1
Project("{FAE04EC0-301F-11D3-BF4B-00C04F79EFBC}") = "03-diagonals", "03-diagonals\03-diagonals.csproj", "{55694084-7680-44C4-9193-3721CD2DDF99}"
EndProject
Global
	GlobalSection(SolutionConfigurationPlatforms) = preSolution
		Debug|Any CPU = Debug|Any CPU
		Release|Any CPU = Release|Any CPU
	EndGlobalSection
	GlobalSection(ProjectConfigurationPlatforms) = postSolution
		{55694084-7680-44C4-9193-3721CD2DDF99}.Debug|Any CPU.ActiveCfg = Debug|Any CPU
		{55694084-7680-44C4-9193-3721CD2DDF99}.Debug|Any CPU.Build.0 = Debug|Any CPU
		{55694084-7680-44C4-9193-3721CD2DDF99}.Release|Any CPU.ActiveCfg = Release|Any CPU
		{55694084-7680-44C4-9193-3721CD2DDF99}.Release|Any CPU.Build.0 = Release|Any CPU
	EndGlobalSection
	GlobalSection(SolutionProperties) = preSolution
		HideSolutionNode = FALSE
	EndGlobalSection
	GlobalSection(ExtensibilityGlobals) = postSolution
		SolutionGuid = {5C610A05-94F4-48FF-9838-0121F387F7C3}
	EndGlobalSection
EndGlobal
