
Microsoft Visual Studio Solution File, Format Version 12.00
# Visual Studio 15
VisualStudioVersion = 15.0.27130.2027
MinimumVisualStudioVersion = 10.0.40219.1
Project("{FAE04EC0-301F-11D3-BF4B-00C04F79EFBC}") = "DI_AnagramChecker", "DI_AnagramChecker\DI_AnagramChecker.csproj", "{9975184D-B4AB-4562-A1EE-6049F24F5D09}"
EndProject
Global
	GlobalSection(SolutionConfigurationPlatforms) = preSolution
		Debug|Any CPU = Debug|Any CPU
		Release|Any CPU = Release|Any CPU
	EndGlobalSection
	GlobalSection(ProjectConfigurationPlatforms) = postSolution
		{9975184D-B4AB-4562-A1EE-6049F24F5D09}.Debug|Any CPU.ActiveCfg = Debug|Any CPU
		{9975184D-B4AB-4562-A1EE-6049F24F5D09}.Debug|Any CPU.Build.0 = Debug|Any CPU
		{9975184D-B4AB-4562-A1EE-6049F24F5D09}.Release|Any CPU.ActiveCfg = Release|Any CPU
		{9975184D-B4AB-4562-A1EE-6049F24F5D09}.Release|Any CPU.Build.0 = Release|Any CPU
	EndGlobalSection
	GlobalSection(SolutionProperties) = preSolution
		HideSolutionNode = FALSE
	EndGlobalSection
	GlobalSection(ExtensibilityGlobals) = postSolution
		SolutionGuid = {F06A6C06-55A8-4E0B-8A39-58452DC49131}
	EndGlobalSection
EndGlobal
