
Microsoft Visual Studio Solution File, Format Version 12.00
# Visual Studio 15
VisualStudioVersion = 15.0.27130.2027
MinimumVisualStudioVersion = 10.0.40219.1
Project("{FAE04EC0-301F-11D3-BF4B-00C04F79EFBC}") = "DI_Counter", "DI_Counter\DI_Counter.csproj", "{45A98234-E2EB-4A42-8904-D56CB402FC72}"
EndProject
Global
	GlobalSection(SolutionConfigurationPlatforms) = preSolution
		Debug|Any CPU = Debug|Any CPU
		Release|Any CPU = Release|Any CPU
	EndGlobalSection
	GlobalSection(ProjectConfigurationPlatforms) = postSolution
		{45A98234-E2EB-4A42-8904-D56CB402FC72}.Debug|Any CPU.ActiveCfg = Debug|Any CPU
		{45A98234-E2EB-4A42-8904-D56CB402FC72}.Debug|Any CPU.Build.0 = Debug|Any CPU
		{45A98234-E2EB-4A42-8904-D56CB402FC72}.Release|Any CPU.ActiveCfg = Release|Any CPU
		{45A98234-E2EB-4A42-8904-D56CB402FC72}.Release|Any CPU.Build.0 = Release|Any CPU
	EndGlobalSection
	GlobalSection(SolutionProperties) = preSolution
		HideSolutionNode = FALSE
	EndGlobalSection
	GlobalSection(ExtensibilityGlobals) = postSolution
		SolutionGuid = {8C4E7CFD-8A00-4E5C-A336-449E63FCD3F4}
	EndGlobalSection
EndGlobal
