
Microsoft Visual Studio Solution File, Format Version 12.00
# Visual Studio 15
VisualStudioVersion = 15.0.27130.2027
MinimumVisualStudioVersion = 10.0.40219.1
Project("{FAE04EC0-301F-11D3-BF4B-00C04F79EFBC}") = "04-PowerN", "04-PowerN\04-PowerN.csproj", "{1E9EF13E-4DB7-41A5-B34F-0AB4EAEF281A}"
EndProject
Global
	GlobalSection(SolutionConfigurationPlatforms) = preSolution
		Debug|Any CPU = Debug|Any CPU
		Release|Any CPU = Release|Any CPU
	EndGlobalSection
	GlobalSection(ProjectConfigurationPlatforms) = postSolution
		{1E9EF13E-4DB7-41A5-B34F-0AB4EAEF281A}.Debug|Any CPU.ActiveCfg = Debug|Any CPU
		{1E9EF13E-4DB7-41A5-B34F-0AB4EAEF281A}.Debug|Any CPU.Build.0 = Debug|Any CPU
		{1E9EF13E-4DB7-41A5-B34F-0AB4EAEF281A}.Release|Any CPU.ActiveCfg = Release|Any CPU
		{1E9EF13E-4DB7-41A5-B34F-0AB4EAEF281A}.Release|Any CPU.Build.0 = Release|Any CPU
	EndGlobalSection
	GlobalSection(SolutionProperties) = preSolution
		HideSolutionNode = FALSE
	EndGlobalSection
	GlobalSection(ExtensibilityGlobals) = postSolution
		SolutionGuid = {4042A18D-EDD8-42C6-9E01-A8DC1D3D796B}
	EndGlobalSection
EndGlobal
