
Microsoft Visual Studio Solution File, Format Version 12.00
# Visual Studio 15
VisualStudioVersion = 15.0.27130.2027
MinimumVisualStudioVersion = 10.0.40219.1
Project("{FAE04EC0-301F-11D3-BF4B-00C04F79EFBC}") = "SuperHexagon", "SuperHexagon\SuperHexagon.csproj", "{C12DF78D-67B5-47A8-9105-213F835124B6}"
EndProject
Global
	GlobalSection(SolutionConfigurationPlatforms) = preSolution
		Debug|Any CPU = Debug|Any CPU
		Release|Any CPU = Release|Any CPU
	EndGlobalSection
	GlobalSection(ProjectConfigurationPlatforms) = postSolution
		{C12DF78D-67B5-47A8-9105-213F835124B6}.Debug|Any CPU.ActiveCfg = Debug|Any CPU
		{C12DF78D-67B5-47A8-9105-213F835124B6}.Debug|Any CPU.Build.0 = Debug|Any CPU
		{C12DF78D-67B5-47A8-9105-213F835124B6}.Release|Any CPU.ActiveCfg = Release|Any CPU
		{C12DF78D-67B5-47A8-9105-213F835124B6}.Release|Any CPU.Build.0 = Release|Any CPU
	EndGlobalSection
	GlobalSection(SolutionProperties) = preSolution
		HideSolutionNode = FALSE
	EndGlobalSection
	GlobalSection(ExtensibilityGlobals) = postSolution
		SolutionGuid = {567D49AD-23B0-417E-B5A2-78D2C91F5BB0}
	EndGlobalSection
EndGlobal
