
Microsoft Visual Studio Solution File, Format Version 12.00
# Visual Studio 15
VisualStudioVersion = 15.0.27130.2027
MinimumVisualStudioVersion = 10.0.40219.1
Project("{FAE04EC0-301F-11D3-BF4B-00C04F79EFBC}") = "13-checkerBoard", "13-checkerBoard\13-checkerBoard.csproj", "{4CC72BC4-5009-439A-B95E-A865A525073B}"
EndProject
Global
	GlobalSection(SolutionConfigurationPlatforms) = preSolution
		Debug|Any CPU = Debug|Any CPU
		Release|Any CPU = Release|Any CPU
	EndGlobalSection
	GlobalSection(ProjectConfigurationPlatforms) = postSolution
		{4CC72BC4-5009-439A-B95E-A865A525073B}.Debug|Any CPU.ActiveCfg = Debug|Any CPU
		{4CC72BC4-5009-439A-B95E-A865A525073B}.Debug|Any CPU.Build.0 = Debug|Any CPU
		{4CC72BC4-5009-439A-B95E-A865A525073B}.Release|Any CPU.ActiveCfg = Release|Any CPU
		{4CC72BC4-5009-439A-B95E-A865A525073B}.Release|Any CPU.Build.0 = Release|Any CPU
	EndGlobalSection
	GlobalSection(SolutionProperties) = preSolution
		HideSolutionNode = FALSE
	EndGlobalSection
	GlobalSection(ExtensibilityGlobals) = postSolution
		SolutionGuid = {849F2ED7-5BC3-4E6D-BC1E-CCE9D5693FF9}
	EndGlobalSection
EndGlobal
