
Microsoft Visual Studio Solution File, Format Version 12.00
# Visual Studio 15
VisualStudioVersion = 15.0.27130.2027
MinimumVisualStudioVersion = 10.0.40219.1
Project("{FAE04EC0-301F-11D3-BF4B-00C04F79EFBC}") = "09-centerBoxFunction", "09-centerBoxFunction\09-centerBoxFunction.csproj", "{33FD652E-869A-4B2E-8090-9714EEF00FB3}"
EndProject
Global
	GlobalSection(SolutionConfigurationPlatforms) = preSolution
		Debug|Any CPU = Debug|Any CPU
		Release|Any CPU = Release|Any CPU
	EndGlobalSection
	GlobalSection(ProjectConfigurationPlatforms) = postSolution
		{33FD652E-869A-4B2E-8090-9714EEF00FB3}.Debug|Any CPU.ActiveCfg = Debug|Any CPU
		{33FD652E-869A-4B2E-8090-9714EEF00FB3}.Debug|Any CPU.Build.0 = Debug|Any CPU
		{33FD652E-869A-4B2E-8090-9714EEF00FB3}.Release|Any CPU.ActiveCfg = Release|Any CPU
		{33FD652E-869A-4B2E-8090-9714EEF00FB3}.Release|Any CPU.Build.0 = Release|Any CPU
	EndGlobalSection
	GlobalSection(SolutionProperties) = preSolution
		HideSolutionNode = FALSE
	EndGlobalSection
	GlobalSection(ExtensibilityGlobals) = postSolution
		SolutionGuid = {EE2842D2-E88E-4CFD-B070-5D118555F1F7}
	EndGlobalSection
EndGlobal
