
Microsoft Visual Studio Solution File, Format Version 12.00
# Visual Studio 15
VisualStudioVersion = 15.0.27130.2027
MinimumVisualStudioVersion = 10.0.40219.1
Project("{FAE04EC0-301F-11D3-BF4B-00C04F79EFBC}") = "10-Fibonacci", "10-Fibonacci\10-Fibonacci.csproj", "{CAD507E5-1011-4390-9929-BE4751B4B713}"
EndProject
Global
	GlobalSection(SolutionConfigurationPlatforms) = preSolution
		Debug|Any CPU = Debug|Any CPU
		Release|Any CPU = Release|Any CPU
	EndGlobalSection
	GlobalSection(ProjectConfigurationPlatforms) = postSolution
		{CAD507E5-1011-4390-9929-BE4751B4B713}.Debug|Any CPU.ActiveCfg = Debug|Any CPU
		{CAD507E5-1011-4390-9929-BE4751B4B713}.Debug|Any CPU.Build.0 = Debug|Any CPU
		{CAD507E5-1011-4390-9929-BE4751B4B713}.Release|Any CPU.ActiveCfg = Release|Any CPU
		{CAD507E5-1011-4390-9929-BE4751B4B713}.Release|Any CPU.Build.0 = Release|Any CPU
	EndGlobalSection
	GlobalSection(SolutionProperties) = preSolution
		HideSolutionNode = FALSE
	EndGlobalSection
	GlobalSection(ExtensibilityGlobals) = postSolution
		SolutionGuid = {B054576F-AAFF-4124-B894-587739922064}
	EndGlobalSection
EndGlobal
