
Microsoft Visual Studio Solution File, Format Version 12.00
# Visual Studio 15
VisualStudioVersion = 15.0.27130.2027
MinimumVisualStudioVersion = 10.0.40219.1
Project("{FAE04EC0-301F-11D3-BF4B-00C04F79EFBC}") = "11-purpleSteps", "11-purpleSteps\11-purpleSteps.csproj", "{8E0EF3AB-E06D-42CF-A9B9-4A17BD0E69EB}"
EndProject
Global
	GlobalSection(SolutionConfigurationPlatforms) = preSolution
		Debug|Any CPU = Debug|Any CPU
		Release|Any CPU = Release|Any CPU
	EndGlobalSection
	GlobalSection(ProjectConfigurationPlatforms) = postSolution
		{8E0EF3AB-E06D-42CF-A9B9-4A17BD0E69EB}.Debug|Any CPU.ActiveCfg = Debug|Any CPU
		{8E0EF3AB-E06D-42CF-A9B9-4A17BD0E69EB}.Debug|Any CPU.Build.0 = Debug|Any CPU
		{8E0EF3AB-E06D-42CF-A9B9-4A17BD0E69EB}.Release|Any CPU.ActiveCfg = Release|Any CPU
		{8E0EF3AB-E06D-42CF-A9B9-4A17BD0E69EB}.Release|Any CPU.Build.0 = Release|Any CPU
	EndGlobalSection
	GlobalSection(SolutionProperties) = preSolution
		HideSolutionNode = FALSE
	EndGlobalSection
	GlobalSection(ExtensibilityGlobals) = postSolution
		SolutionGuid = {C66E89A3-3A72-4173-9EC5-D63A22403028}
	EndGlobalSection
EndGlobal
