
Microsoft Visual Studio Solution File, Format Version 12.00
# Visual Studio 15
VisualStudioVersion = 15.0.27130.2027
MinimumVisualStudioVersion = 10.0.40219.1
Project("{FAE04EC0-301F-11D3-BF4B-00C04F79EFBC}") = "BankOfSimba", "BankOfSimba\BankOfSimba.csproj", "{CECF7AEA-5383-42C0-A2E7-E95FAB238DDC}"
EndProject
Global
	GlobalSection(SolutionConfigurationPlatforms) = preSolution
		Debug|Any CPU = Debug|Any CPU
		Release|Any CPU = Release|Any CPU
	EndGlobalSection
	GlobalSection(ProjectConfigurationPlatforms) = postSolution
		{CECF7AEA-5383-42C0-A2E7-E95FAB238DDC}.Debug|Any CPU.ActiveCfg = Debug|Any CPU
		{CECF7AEA-5383-42C0-A2E7-E95FAB238DDC}.Debug|Any CPU.Build.0 = Debug|Any CPU
		{CECF7AEA-5383-42C0-A2E7-E95FAB238DDC}.Release|Any CPU.ActiveCfg = Release|Any CPU
		{CECF7AEA-5383-42C0-A2E7-E95FAB238DDC}.Release|Any CPU.Build.0 = Release|Any CPU
	EndGlobalSection
	GlobalSection(SolutionProperties) = preSolution
		HideSolutionNode = FALSE
	EndGlobalSection
	GlobalSection(ExtensibilityGlobals) = postSolution
		SolutionGuid = {2697C30E-0C1B-42BE-9365-7DE7ED3BA6AB}
	EndGlobalSection
EndGlobal
