
Microsoft Visual Studio Solution File, Format Version 12.00
# Visual Studio 15
VisualStudioVersion = 15.0.27130.2027
MinimumVisualStudioVersion = 10.0.40219.1
Project("{FAE04EC0-301F-11D3-BF4B-00C04F79EFBC}") = "Triangles", "Triangles\Triangles.csproj", "{B93E389A-5A14-4895-8F5B-0457F648F6FE}"
EndProject
Global
	GlobalSection(SolutionConfigurationPlatforms) = preSolution
		Debug|Any CPU = Debug|Any CPU
		Release|Any CPU = Release|Any CPU
	EndGlobalSection
	GlobalSection(ProjectConfigurationPlatforms) = postSolution
		{B93E389A-5A14-4895-8F5B-0457F648F6FE}.Debug|Any CPU.ActiveCfg = Debug|Any CPU
		{B93E389A-5A14-4895-8F5B-0457F648F6FE}.Debug|Any CPU.Build.0 = Debug|Any CPU
		{B93E389A-5A14-4895-8F5B-0457F648F6FE}.Release|Any CPU.ActiveCfg = Release|Any CPU
		{B93E389A-5A14-4895-8F5B-0457F648F6FE}.Release|Any CPU.Build.0 = Release|Any CPU
	EndGlobalSection
	GlobalSection(SolutionProperties) = preSolution
		HideSolutionNode = FALSE
	EndGlobalSection
	GlobalSection(ExtensibilityGlobals) = postSolution
		SolutionGuid = {56B58CF9-5D10-4758-B8DD-1A80E74B3DE5}
	EndGlobalSection
EndGlobal
