
Microsoft Visual Studio Solution File, Format Version 12.00
# Visual Studio 15
VisualStudioVersion = 15.0.27130.2027
MinimumVisualStudioVersion = 10.0.40219.1
Project("{FAE04EC0-301F-11D3-BF4B-00C04F79EFBC}") = "Linq-05", "Linq-05\Linq-05.csproj", "{08732691-D0E4-42A5-8DA6-9219302F54A3}"
EndProject
Global
	GlobalSection(SolutionConfigurationPlatforms) = preSolution
		Debug|Any CPU = Debug|Any CPU
		Release|Any CPU = Release|Any CPU
	EndGlobalSection
	GlobalSection(ProjectConfigurationPlatforms) = postSolution
		{08732691-D0E4-42A5-8DA6-9219302F54A3}.Debug|Any CPU.ActiveCfg = Debug|Any CPU
		{08732691-D0E4-42A5-8DA6-9219302F54A3}.Debug|Any CPU.Build.0 = Debug|Any CPU
		{08732691-D0E4-42A5-8DA6-9219302F54A3}.Release|Any CPU.ActiveCfg = Release|Any CPU
		{08732691-D0E4-42A5-8DA6-9219302F54A3}.Release|Any CPU.Build.0 = Release|Any CPU
	EndGlobalSection
	GlobalSection(SolutionProperties) = preSolution
		HideSolutionNode = FALSE
	EndGlobalSection
	GlobalSection(ExtensibilityGlobals) = postSolution
		SolutionGuid = {38084761-E1D7-47D1-BF23-244758B28818}
	EndGlobalSection
EndGlobal
