
Microsoft Visual Studio Solution File, Format Version 12.00
# Visual Studio 15
VisualStudioVersion = 15.0.27130.2027
MinimumVisualStudioVersion = 10.0.40219.1
Project("{FAE04EC0-301F-11D3-BF4B-00C04F79EFBC}") = "06-BunniesAgain", "06-BunniesAgain\06-BunniesAgain.csproj", "{BD6D3AF8-CF93-4D9A-96A8-816D29DA3FF3}"
EndProject
Global
	GlobalSection(SolutionConfigurationPlatforms) = preSolution
		Debug|Any CPU = Debug|Any CPU
		Release|Any CPU = Release|Any CPU
	EndGlobalSection
	GlobalSection(ProjectConfigurationPlatforms) = postSolution
		{BD6D3AF8-CF93-4D9A-96A8-816D29DA3FF3}.Debug|Any CPU.ActiveCfg = Debug|Any CPU
		{BD6D3AF8-CF93-4D9A-96A8-816D29DA3FF3}.Debug|Any CPU.Build.0 = Debug|Any CPU
		{BD6D3AF8-CF93-4D9A-96A8-816D29DA3FF3}.Release|Any CPU.ActiveCfg = Release|Any CPU
		{BD6D3AF8-CF93-4D9A-96A8-816D29DA3FF3}.Release|Any CPU.Build.0 = Release|Any CPU
	EndGlobalSection
	GlobalSection(SolutionProperties) = preSolution
		HideSolutionNode = FALSE
	EndGlobalSection
	GlobalSection(ExtensibilityGlobals) = postSolution
		SolutionGuid = {E7CBFC87-57DC-4054-B5B0-986536B029C4}
	EndGlobalSection
EndGlobal
