
Microsoft Visual Studio Solution File, Format Version 12.00
# Visual Studio 15
VisualStudioVersion = 15.0.27130.2027
MinimumVisualStudioVersion = 10.0.40219.1
Project("{FAE04EC0-301F-11D3-BF4B-00C04F79EFBC}") = "11-ReversedOrder", "11-ReversedOrder\11-ReversedOrder.csproj", "{8CD0D401-97CE-401B-9BBE-624F42D494CD}"
EndProject
Global
	GlobalSection(SolutionConfigurationPlatforms) = preSolution
		Debug|Any CPU = Debug|Any CPU
		Release|Any CPU = Release|Any CPU
	EndGlobalSection
	GlobalSection(ProjectConfigurationPlatforms) = postSolution
		{8CD0D401-97CE-401B-9BBE-624F42D494CD}.Debug|Any CPU.ActiveCfg = Debug|Any CPU
		{8CD0D401-97CE-401B-9BBE-624F42D494CD}.Debug|Any CPU.Build.0 = Debug|Any CPU
		{8CD0D401-97CE-401B-9BBE-624F42D494CD}.Release|Any CPU.ActiveCfg = Release|Any CPU
		{8CD0D401-97CE-401B-9BBE-624F42D494CD}.Release|Any CPU.Build.0 = Release|Any CPU
	EndGlobalSection
	GlobalSection(SolutionProperties) = preSolution
		HideSolutionNode = FALSE
	EndGlobalSection
	GlobalSection(ExtensibilityGlobals) = postSolution
		SolutionGuid = {E6247AE0-AF5D-4645-B638-B3384502BCCD}
	EndGlobalSection
EndGlobal
