
Microsoft Visual Studio Solution File, Format Version 12.00
# Visual Studio 15
VisualStudioVersion = 15.0.27130.2027
MinimumVisualStudioVersion = 10.0.40219.1
Project("{FAE04EC0-301F-11D3-BF4B-00C04F79EFBC}") = "13-Lottery", "13-Lottery\13-Lottery.csproj", "{1102B200-48F6-4ECC-8E00-B1A7170C1694}"
EndProject
Global
	GlobalSection(SolutionConfigurationPlatforms) = preSolution
		Debug|Any CPU = Debug|Any CPU
		Release|Any CPU = Release|Any CPU
	EndGlobalSection
	GlobalSection(ProjectConfigurationPlatforms) = postSolution
		{1102B200-48F6-4ECC-8E00-B1A7170C1694}.Debug|Any CPU.ActiveCfg = Debug|Any CPU
		{1102B200-48F6-4ECC-8E00-B1A7170C1694}.Debug|Any CPU.Build.0 = Debug|Any CPU
		{1102B200-48F6-4ECC-8E00-B1A7170C1694}.Release|Any CPU.ActiveCfg = Release|Any CPU
		{1102B200-48F6-4ECC-8E00-B1A7170C1694}.Release|Any CPU.Build.0 = Release|Any CPU
	EndGlobalSection
	GlobalSection(SolutionProperties) = preSolution
		HideSolutionNode = FALSE
	EndGlobalSection
	GlobalSection(ExtensibilityGlobals) = postSolution
		SolutionGuid = {BE36E384-1996-4185-B72A-B5C8D87620D5}
	EndGlobalSection
EndGlobal
