
Microsoft Visual Studio Solution File, Format Version 12.00
# Visual Studio 15
VisualStudioVersion = 15.0.27130.2027
MinimumVisualStudioVersion = 10.0.40219.1
Project("{FAE04EC0-301F-11D3-BF4B-00C04F79EFBC}") = "08-Logs", "08-Logs\08-Logs.csproj", "{B3CF6659-D827-4922-8348-73D2078A4D77}"
EndProject
Global
	GlobalSection(SolutionConfigurationPlatforms) = preSolution
		Debug|Any CPU = Debug|Any CPU
		Release|Any CPU = Release|Any CPU
	EndGlobalSection
	GlobalSection(ProjectConfigurationPlatforms) = postSolution
		{B3CF6659-D827-4922-8348-73D2078A4D77}.Debug|Any CPU.ActiveCfg = Debug|Any CPU
		{B3CF6659-D827-4922-8348-73D2078A4D77}.Debug|Any CPU.Build.0 = Debug|Any CPU
		{B3CF6659-D827-4922-8348-73D2078A4D77}.Release|Any CPU.ActiveCfg = Release|Any CPU
		{B3CF6659-D827-4922-8348-73D2078A4D77}.Release|Any CPU.Build.0 = Release|Any CPU
	EndGlobalSection
	GlobalSection(SolutionProperties) = preSolution
		HideSolutionNode = FALSE
	EndGlobalSection
	GlobalSection(ExtensibilityGlobals) = postSolution
		SolutionGuid = {06CF3C72-252F-4A5D-BA32-0E2FB734720A}
	EndGlobalSection
EndGlobal
